Microsoft Visual Studio Solution File, Format Version 12.00
# Visual Studio 15
VisualStudioVersion = 15.0.28010.2050
MinimumVisualStudioVersion = 10.0.40219.1
Project("{FAE04EC0-301F-11D3-BF4B-00C04F79EFBC}") = "BombermanRemake", "BombermanRemake.csproj", "{CE07345A-6E5E-42C2-8E04-B0FB5D197161}"
EndProject
Global
	GlobalSection(SolutionConfigurationPlatforms) = preSolution
		Debug|Any CPU = Debug|Any CPU
		Release|Any CPU = Release|Any CPU
		Tools|Any CPU = Tools|Any CPU
	EndGlobalSection
	GlobalSection(ProjectConfigurationPlatforms) = postSolution
		{CE07345A-6E5E-42C2-8E04-B0FB5D197161}.Debug|Any CPU.ActiveCfg = Debug|Any CPU
		{CE07345A-6E5E-42C2-8E04-B0FB5D197161}.Debug|Any CPU.Build.0 = Debug|Any CPU
		{CE07345A-6E5E-42C2-8E04-B0FB5D197161}.Release|Any CPU.ActiveCfg = Release|Any CPU
		{CE07345A-6E5E-42C2-8E04-B0FB5D197161}.Release|Any CPU.Build.0 = Release|Any CPU
		{CE07345A-6E5E-42C2-8E04-B0FB5D197161}.Tools|Any CPU.ActiveCfg = Tools|Any CPU
		{CE07345A-6E5E-42C2-8E04-B0FB5D197161}.Tools|Any CPU.Build.0 = Tools|Any CPU
	EndGlobalSection
	GlobalSection(SolutionProperties) = preSolution
		HideSolutionNode = FALSE
	EndGlobalSection
	GlobalSection(ExtensibilityGlobals) = postSolution
		SolutionGuid = {10333A13-6BE0-4D07-ABEF-49BC01D1C483}
	EndGlobalSection
EndGlobal
